
Microsoft Visual Studio Solution File, Format Version 11.00
# Visual Studio 2010
Project("{8BC9CEB8-8B4A-11D0-8D11-00A0C91BC942}") = "ControllerBeta", "ControllerBeta\ControllerBeta.vcxproj", "{6C4ACF87-264D-40B8-B2F2-4C46701F58AC}"
EndProject
Global
	GlobalSection(SolutionConfigurationPlatforms) = preSolution
		Debug|Win32 = Debug|Win32
		Release|Win32 = Release|Win32
	EndGlobalSection
	GlobalSection(ProjectConfigurationPlatforms) = postSolution
		{6C4ACF87-264D-40B8-B2F2-4C46701F58AC}.Debug|Win32.ActiveCfg = Debug|Win32
		{6C4ACF87-264D-40B8-B2F2-4C46701F58AC}.Debug|Win32.Build.0 = Debug|Win32
		{6C4ACF87-264D-40B8-B2F2-4C46701F58AC}.Release|Win32.ActiveCfg = Release|Win32
		{6C4ACF87-264D-40B8-B2F2-4C46701F58AC}.Release|Win32.Build.0 = Release|Win32
	EndGlobalSection
	GlobalSection(SolutionProperties) = preSolution
		HideSolutionNode = FALSE
	EndGlobalSection
EndGlobal
